
Microsoft Visual Studio Solution File, Format Version 12.00
# Visual Studio Version 17
VisualStudioVersion = 17.6.33829.357
MinimumVisualStudioVersion = 10.0.40219.1
Project("{FAE04EC0-301F-11D3-BF4B-00C04F79EFBC}") = "AspnetCoreIdentityApp.Web", "AspnetCoreIdentityApp.Web\AspnetCoreIdentityApp.Web.csproj", "{4AEAF21D-969A-4041-ADB5-0ED47AFA9BE5}"
EndProject
Global
	GlobalSection(SolutionConfigurationPlatforms) = preSolution
		Debug|Any CPU = Debug|Any CPU
		Release|Any CPU = Release|Any CPU
	EndGlobalSection
	GlobalSection(ProjectConfigurationPlatforms) = postSolution
		{4AEAF21D-969A-4041-ADB5-0ED47AFA9BE5}.Debug|Any CPU.ActiveCfg = Debug|Any CPU
		{4AEAF21D-969A-4041-ADB5-0ED47AFA9BE5}.Debug|Any CPU.Build.0 = Debug|Any CPU
		{4AEAF21D-969A-4041-ADB5-0ED47AFA9BE5}.Release|Any CPU.ActiveCfg = Release|Any CPU
		{4AEAF21D-969A-4041-ADB5-0ED47AFA9BE5}.Release|Any CPU.Build.0 = Release|Any CPU
	EndGlobalSection
	GlobalSection(SolutionProperties) = preSolution
		HideSolutionNode = FALSE
	EndGlobalSection
	GlobalSection(ExtensibilityGlobals) = postSolution
		SolutionGuid = {A605327A-C13D-48EB-BB10-1D58B0EA1745}
	EndGlobalSection
EndGlobal
